// !$*UTF8*$!
{
	archiveVersion = 1;
	classes = {
	};
	objectVersion = 46;
	objects = {

/* Begin PBXBuildFile section */
		0E7BE8F41B1BCC4600D39654 /* b2.png in Resources */ = {isa = PBXBuildFile; fileRef = 0E7BE8F31B1BCC4600D39654 /* b2.png */; };
		0E7BE8F61B1BCDA600D39654 /* b4.png in Resources */ = {isa = PBXBuildFile; fileRef = 0E7BE8F51B1BCDA600D39654 /* b4.png */; };
		0E7BE8FE1B1BD25200D39654 /* b3.png in Resources */ = {isa = PBXBuildFile; fileRef = 0E7BE8FD1B1BD25200D39654 /* b3.png */; };
		0E7BE9001B1BD2C400D39654 /* b1.png in Resources */ = {isa = PBXBuildFile; fileRef = 0E7BE8FF1B1BD2C400D39654 /* b1.png */; };
		A5344CBB1B18C2FF00C85291 /* linha0-1.png in Resources */ = {isa = PBXBuildFile; fileRef = A5344CBA1B18C2FF00C85291 /* linha0-1.png */; };
		FD6A4AE21B11042400B13DA9 /* Extensions.swift in Sources */ = {isa = PBXBuildFile; fileRef = FD6A4AE11B11042400B13DA9 /* Extensions.swift */; };
		FDCD98171B0A8C65005D50C9 /* AppDelegate.swift in Sources */ = {isa = PBXBuildFile; fileRef = FDCD98161B0A8C65005D50C9 /* AppDelegate.swift */; };
		FDCD98191B0A8C65005D50C9 /* ViewController.swift in Sources */ = {isa = PBXBuildFile; fileRef = FDCD98181B0A8C65005D50C9 /* ViewController.swift */; };
		FDCD981C1B0A8C65005D50C9 /* Main.storyboard in Resources */ = {isa = PBXBuildFile; fileRef = FDCD981A1B0A8C65005D50C9 /* Main.storyboard */; };
		FDCD981E1B0A8C65005D50C9 /* Images.xcassets in Resources */ = {isa = PBXBuildFile; fileRef = FDCD981D1B0A8C65005D50C9 /* Images.xcassets */; };
		FDCD98211B0A8C65005D50C9 /* LaunchScreen.xib in Resources */ = {isa = PBXBuildFile; fileRef = FDCD981F1B0A8C65005D50C9 /* LaunchScreen.xib */; };
		FDCD982D1B0A8C65005D50C9 /* UStesteTests.swift in Sources */ = {isa = PBXBuildFile; fileRef = FDCD982C1B0A8C65005D50C9 /* UStesteTests.swift */; };
		FDCD983A1B0A8CD2005D50C9 /* CollectionCell.swift in Sources */ = {isa = PBXBuildFile; fileRef = FDCD98391B0A8CD2005D50C9 /* CollectionCell.swift */; };
		FDCD983C1B0A8E57005D50C9 /* StylesModel.swift in Sources */ = {isa = PBXBuildFile; fileRef = FDCD983B1B0A8E57005D50C9 /* StylesModel.swift */; };
		FDCD983E1B0A92F2005D50C9 /* TimelineVC.swift in Sources */ = {isa = PBXBuildFile; fileRef = FDCD983D1B0A92F2005D50C9 /* TimelineVC.swift */; };
		FDCD98401B0A949D005D50C9 /* TimelineView.swift in Sources */ = {isa = PBXBuildFile; fileRef = FDCD983F1B0A949D005D50C9 /* TimelineView.swift */; };
		FDCD98421B0ABB73005D50C9 /* TimelineModel.swift in Sources */ = {isa = PBXBuildFile; fileRef = FDCD98411B0ABB73005D50C9 /* TimelineModel.swift */; };
/* End PBXBuildFile section */

/* Begin PBXContainerItemProxy section */
		FDCD98271B0A8C65005D50C9 /* PBXContainerItemProxy */ = {
			isa = PBXContainerItemProxy;
			containerPortal = FDCD98091B0A8C65005D50C9 /* Project object */;
			proxyType = 1;
			remoteGlobalIDString = FDCD98101B0A8C65005D50C9;
			remoteInfo = USteste;
		};
/* End PBXContainerItemProxy section */

/* Begin PBXFileReference section */
		0E7BE8F31B1BCC4600D39654 /* b2.png */ = {isa = PBXFileReference; lastKnownFileType = image.png; name = b2.png; path = ../b2.png; sourceTree = "<group>"; };
		0E7BE8F51B1BCDA600D39654 /* b4.png */ = {isa = PBXFileReference; lastKnownFileType = image.png; name = b4.png; path = ../b4.png; sourceTree = "<group>"; };
		0E7BE8FD1B1BD25200D39654 /* b3.png */ = {isa = PBXFileReference; lastKnownFileType = image.png; name = b3.png; path = ../b3.png; sourceTree = "<group>"; };
		0E7BE8FF1B1BD2C400D39654 /* b1.png */ = {isa = PBXFileReference; lastKnownFileType = image.png; name = b1.png; path = ../b1.png; sourceTree = "<group>"; };
		A5344CBA1B18C2FF00C85291 /* linha0-1.png */ = {isa = PBXFileReference; lastKnownFileType = image.png; path = "linha0-1.png"; sourceTree = "<group>"; };
		FD6A4AE11B11042400B13DA9 /* Extensions.swift */ = {isa = PBXFileReference; fileEncoding = 4; lastKnownFileType = sourcecode.swift; path = Extensions.swift; sourceTree = "<group>"; };
		FDCD98111B0A8C65005D50C9 /* USteste.app */ = {isa = PBXFileReference; explicitFileType = wrapper.application; includeInIndex = 0; path = USteste.app; sourceTree = BUILT_PRODUCTS_DIR; };
		FDCD98151B0A8C65005D50C9 /* Info.plist */ = {isa = PBXFileReference; lastKnownFileType = text.plist.xml; path = Info.plist; sourceTree = "<group>"; };
		FDCD98161B0A8C65005D50C9 /* AppDelegate.swift */ = {isa = PBXFileReference; lastKnownFileType = sourcecode.swift; path = AppDelegate.swift; sourceTree = "<group>"; };
		FDCD98181B0A8C65005D50C9 /* ViewController.swift */ = {isa = PBXFileReference; lastKnownFileType = sourcecode.swift; path = ViewController.swift; sourceTree = "<group>"; };
		FDCD981B1B0A8C65005D50C9 /* Base */ = {isa = PBXFileReference; lastKnownFileType = file.storyboard; name = Base; path = Base.lproj/Main.storyboard; sourceTree = "<group>"; };
		FDCD981D1B0A8C65005D50C9 /* Images.xcassets */ = {isa = PBXFileReference; lastKnownFileType = folder.assetcatalog; path = Images.xcassets; sourceTree = "<group>"; };
		FDCD98201B0A8C65005D50C9 /* Base */ = {isa = PBXFileReference; lastKnownFileType = file.xib; name = Base; path = Base.lproj/LaunchScreen.xib; sourceTree = "<group>"; };
		FDCD98261B0A8C65005D50C9 /* UStesteTests.xctest */ = {isa = PBXFileReference; explicitFileType = wrapper.cfbundle; includeInIndex = 0; path = UStesteTests.xctest; sourceTree = BUILT_PRODUCTS_DIR; };
		FDCD982B1B0A8C65005D50C9 /* Info.plist */ = {isa = PBXFileReference; lastKnownFileType = text.plist.xml; path = Info.plist; sourceTree = "<group>"; };
		FDCD982C1B0A8C65005D50C9 /* UStesteTests.swift */ = {isa = PBXFileReference; lastKnownFileType = sourcecode.swift; path = UStesteTests.swift; sourceTree = "<group>"; };
		FDCD98391B0A8CD2005D50C9 /* CollectionCell.swift */ = {isa = PBXFileReference; fileEncoding = 4; lastKnownFileType = sourcecode.swift; path = CollectionCell.swift; sourceTree = "<group>"; };
		FDCD983B1B0A8E57005D50C9 /* StylesModel.swift */ = {isa = PBXFileReference; fileEncoding = 4; lastKnownFileType = sourcecode.swift; path = StylesModel.swift; sourceTree = "<group>"; };
		FDCD983D1B0A92F2005D50C9 /* TimelineVC.swift */ = {isa = PBXFileReference; fileEncoding = 4; lastKnownFileType = sourcecode.swift; path = TimelineVC.swift; sourceTree = "<group>"; };
		FDCD983F1B0A949D005D50C9 /* TimelineView.swift */ = {isa = PBXFileReference; fileEncoding = 4; lastKnownFileType = sourcecode.swift; path = TimelineView.swift; sourceTree = "<group>"; };
		FDCD98411B0ABB73005D50C9 /* TimelineModel.swift */ = {isa = PBXFileReference; fileEncoding = 4; lastKnownFileType = sourcecode.swift; path = TimelineModel.swift; sourceTree = "<group>"; };
/* End PBXFileReference section */

/* Begin PBXFrameworksBuildPhase section */
		FDCD980E1B0A8C65005D50C9 /* Frameworks */ = {
			isa = PBXFrameworksBuildPhase;
			buildActionMask = 2147483647;
			files = (
			);
			runOnlyForDeploymentPostprocessing = 0;
		};
		FDCD98231B0A8C65005D50C9 /* Frameworks */ = {
			isa = PBXFrameworksBuildPhase;
			buildActionMask = 2147483647;
			files = (
			);
			runOnlyForDeploymentPostprocessing = 0;
		};
/* End PBXFrameworksBuildPhase section */

/* Begin PBXGroup section */
		FDCD98081B0A8C65005D50C9 = {
			isa = PBXGroup;
			children = (
				FDCD98131B0A8C65005D50C9 /* USteste */,
				FDCD98291B0A8C65005D50C9 /* UStesteTests */,
				FDCD98121B0A8C65005D50C9 /* Products */,
				A5344CBA1B18C2FF00C85291 /* linha0-1.png */,
				0E7BE8F31B1BCC4600D39654 /* b2.png */,
				0E7BE8F51B1BCDA600D39654 /* b4.png */,
				0E7BE8FD1B1BD25200D39654 /* b3.png */,
				0E7BE8FF1B1BD2C400D39654 /* b1.png */,
			);
			sourceTree = "<group>";
		};
		FDCD98121B0A8C65005D50C9 /* Products */ = {
			isa = PBXGroup;
			children = (
				FDCD98111B0A8C65005D50C9 /* USteste.app */,
				FDCD98261B0A8C65005D50C9 /* UStesteTests.xctest */,
			);
			name = Products;
			sourceTree = "<group>";
		};
		FDCD98131B0A8C65005D50C9 /* USteste */ = {
			isa = PBXGroup;
			children = (
				FDCD98361B0A8C9F005D50C9 /* Controller */,
				FDCD98371B0A8CA6005D50C9 /* View */,
				FDCD98381B0A8CAE005D50C9 /* Model */,
				FDCD98161B0A8C65005D50C9 /* AppDelegate.swift */,
				FDCD98181B0A8C65005D50C9 /* ViewController.swift */,
				FDCD981D1B0A8C65005D50C9 /* Images.xcassets */,
				FDCD981F1B0A8C65005D50C9 /* LaunchScreen.xib */,
				FDCD98141B0A8C65005D50C9 /* Supporting Files */,
			);
			path = USteste;
			sourceTree = "<group>";
		};
		FDCD98141B0A8C65005D50C9 /* Supporting Files */ = {
			isa = PBXGroup;
			children = (
				FDCD98151B0A8C65005D50C9 /* Info.plist */,
			);
			name = "Supporting Files";
			sourceTree = "<group>";
		};
		FDCD98291B0A8C65005D50C9 /* UStesteTests */ = {
			isa = PBXGroup;
			children = (
				FDCD982C1B0A8C65005D50C9 /* UStesteTests.swift */,
				FDCD982A1B0A8C65005D50C9 /* Supporting Files */,
			);
			path = UStesteTests;
			sourceTree = "<group>";
		};
		FDCD982A1B0A8C65005D50C9 /* Supporting Files */ = {
			isa = PBXGroup;
			children = (
				FDCD982B1B0A8C65005D50C9 /* Info.plist */,
			);
			name = "Supporting Files";
			sourceTree = "<group>";
		};
		FDCD98361B0A8C9F005D50C9 /* Controller */ = {
			isa = PBXGroup;
			children = (
				FDCD983D1B0A92F2005D50C9 /* TimelineVC.swift */,
			);
			name = Controller;
			sourceTree = "<group>";
		};
		FDCD98371B0A8CA6005D50C9 /* View */ = {
			isa = PBXGroup;
			children = (
				FDCD983F1B0A949D005D50C9 /* TimelineView.swift */,
				FDCD98391B0A8CD2005D50C9 /* CollectionCell.swift */,
				FDCD981A1B0A8C65005D50C9 /* Main.storyboard */,
			);
			name = View;
			sourceTree = "<group>";
		};
		FDCD98381B0A8CAE005D50C9 /* Model */ = {
			isa = PBXGroup;
			children = (
				FDCD983B1B0A8E57005D50C9 /* StylesModel.swift */,
				FDCD98411B0ABB73005D50C9 /* TimelineModel.swift */,
				FD6A4AE11B11042400B13DA9 /* Extensions.swift */,
			);
			name = Model;
			sourceTree = "<group>";
		};
/* End PBXGroup section */

/* Begin PBXNativeTarget section */
		FDCD98101B0A8C65005D50C9 /* USteste */ = {
			isa = PBXNativeTarget;
			buildConfigurationList = FDCD98301B0A8C65005D50C9 /* Build configuration list for PBXNativeTarget "USteste" */;
			buildPhases = (
				FDCD980D1B0A8C65005D50C9 /* Sources */,
				FDCD980E1B0A8C65005D50C9 /* Frameworks */,
				FDCD980F1B0A8C65005D50C9 /* Resources */,
			);
			buildRules = (
			);
			dependencies = (
			);
			name = USteste;
			productName = USteste;
			productReference = FDCD98111B0A8C65005D50C9 /* USteste.app */;
			productType = "com.apple.product-type.application";
		};
		FDCD98251B0A8C65005D50C9 /* UStesteTests */ = {
			isa = PBXNativeTarget;
			buildConfigurationList = FDCD98331B0A8C65005D50C9 /* Build configuration list for PBXNativeTarget "UStesteTests" */;
			buildPhases = (
				FDCD98221B0A8C65005D50C9 /* Sources */,
				FDCD98231B0A8C65005D50C9 /* Frameworks */,
				FDCD98241B0A8C65005D50C9 /* Resources */,
			);
			buildRules = (
			);
			dependencies = (
				FDCD98281B0A8C65005D50C9 /* PBXTargetDependency */,
			);
			name = UStesteTests;
			productName = UStesteTests;
			productReference = FDCD98261B0A8C65005D50C9 /* UStesteTests.xctest */;
			productType = "com.apple.product-type.bundle.unit-test";
		};
/* End PBXNativeTarget section */

/* Begin PBXProject section */
		FDCD98091B0A8C65005D50C9 /* Project object */ = {
			isa = PBXProject;
			attributes = {
				LastUpgradeCheck = 0630;
				ORGANIZATIONNAME = "Pietro Ribeiro Pepe";
				TargetAttributes = {
					FDCD98101B0A8C65005D50C9 = {
						CreatedOnToolsVersion = 6.3.1;
					};
					FDCD98251B0A8C65005D50C9 = {
						CreatedOnToolsVersion = 6.3.1;
						TestTargetID = FDCD98101B0A8C65005D50C9;
					};
				};
			};
			buildConfigurationList = FDCD980C1B0A8C65005D50C9 /* Build configuration list for PBXProject "USteste" */;
			compatibilityVersion = "Xcode 3.2";
			developmentRegion = English;
			hasScannedForEncodings = 0;
			knownRegions = (
				en,
				Base,
			);
			mainGroup = FDCD98081B0A8C65005D50C9;
			productRefGroup = FDCD98121B0A8C65005D50C9 /* Products */;
			projectDirPath = "";
			projectRoot = "";
			targets = (
				FDCD98101B0A8C65005D50C9 /* USteste */,
				FDCD98251B0A8C65005D50C9 /* UStesteTests */,
			);
		};
/* End PBXProject section */

/* Begin PBXResourcesBuildPhase section */
		FDCD980F1B0A8C65005D50C9 /* Resources */ = {
			isa = PBXResourcesBuildPhase;
			buildActionMask = 2147483647;
			files = (
				0E7BE8F41B1BCC4600D39654 /* b2.png in Resources */,
				FDCD981C1B0A8C65005D50C9 /* Main.storyboard in Resources */,
				A5344CBB1B18C2FF00C85291 /* linha0-1.png in Resources */,
				FDCD98211B0A8C65005D50C9 /* LaunchScreen.xib in Resources */,
				0E7BE9001B1BD2C400D39654 /* b1.png in Resources */,
				FDCD981E1B0A8C65005D50C9 /* Images.xcassets in Resources */,
				0E7BE8F61B1BCDA600D39654 /* b4.png in Resources */,
				0E7BE8FE1B1BD25200D39654 /* b3.png in Resources */,
			);
			runOnlyForDeploymentPostprocessing = 0;
		};
		FDCD98241B0A8C65005D50C9 /* Resources */ = {
			isa = PBXResourcesBuildPhase;
			buildActionMask = 2147483647;
			files = (
			);
			runOnlyForDeploymentPostprocessing = 0;
		};
/* End PBXResourcesBuildPhase section */

/* Begin PBXSourcesBuildPhase section */
		FDCD980D1B0A8C65005D50C9 /* Sources */ = {
			isa = PBXSourcesBuildPhase;
			buildActionMask = 2147483647;
			files = (
				FDCD98421B0ABB73005D50C9 /* TimelineModel.swift in Sources */,
				FDCD98191B0A8C65005D50C9 /* ViewController.swift in Sources */,
				FDCD98401B0A949D005D50C9 /* TimelineView.swift in Sources */,
				FD6A4AE21B11042400B13DA9 /* Extensions.swift in Sources */,
				FDCD983C1B0A8E57005D50C9 /* StylesModel.swift in Sources */,
				FDCD98171B0A8C65005D50C9 /* AppDelegate.swift in Sources */,
				FDCD983E1B0A92F2005D50C9 /* TimelineVC.swift in Sources */,
				FDCD983A1B0A8CD2005D50C9 /* CollectionCell.swift in Sources */,
			);
			runOnlyForDeploymentPostprocessing = 0;
		};
		FDCD98221B0A8C65005D50C9 /* Sources */ = {
			isa = PBXSourcesBuildPhase;
			buildActionMask = 2147483647;
			files = (
				FDCD982D1B0A8C65005D50C9 /* UStesteTests.swift in Sources */,
			);
			runOnlyForDeploymentPostprocessing = 0;
		};
/* End PBXSourcesBuildPhase section */

/* Begin PBXTargetDependency section */
		FDCD98281B0A8C65005D50C9 /* PBXTargetDependency */ = {
			isa = PBXTargetDependency;
			target = FDCD98101B0A8C65005D50C9 /* USteste */;
			targetProxy = FDCD98271B0A8C65005D50C9 /* PBXContainerItemProxy */;
		};
/* End PBXTargetDependency section */

/* Begin PBXVariantGroup section */
		FDCD981A1B0A8C65005D50C9 /* Main.storyboard */ = {
			isa = PBXVariantGroup;
			children = (
				FDCD981B1B0A8C65005D50C9 /* Base */,
			);
			name = Main.storyboard;
			sourceTree = "<group>";
		};
		FDCD981F1B0A8C65005D50C9 /* LaunchScreen.xib */ = {
			isa = PBXVariantGroup;
			children = (
				FDCD98201B0A8C65005D50C9 /* Base */,
			);
			name = LaunchScreen.xib;
			sourceTree = "<group>";
		};
/* End PBXVariantGroup section */

/* Begin XCBuildConfiguration section */
		FDCD982E1B0A8C65005D50C9 /* Debug */ = {
			isa = XCBuildConfiguration;
			buildSettings = {
				ALWAYS_SEARCH_USER_PATHS = NO;
				CLANG_CXX_LANGUAGE_STANDARD = "gnu++0x";
				CLANG_CXX_LIBRARY = "libc++";
				CLANG_ENABLE_MODULES = YES;
				CLANG_ENABLE_OBJC_ARC = YES;
				CLANG_WARN_BOOL_CONVERSION = YES;
				CLANG_WARN_CONSTANT_CONVERSION = YES;
				CLANG_WARN_DIRECT_OBJC_ISA_USAGE = YES_ERROR;
				CLANG_WARN_EMPTY_BODY = YES;
				CLANG_WARN_ENUM_CONVERSION = YES;
				CLANG_WARN_INT_CONVERSION = YES;
				CLANG_WARN_OBJC_ROOT_CLASS = YES_ERROR;
				CLANG_WARN_UNREACHABLE_CODE = YES;
				CLANG_WARN__DUPLICATE_METHOD_MATCH = YES;
				"CODE_SIGN_IDENTITY[sdk=iphoneos*]" = "iPhone Developer";
				COPY_PHASE_STRIP = NO;
				DEBUG_INFORMATION_FORMAT = "dwarf-with-dsym";
				ENABLE_STRICT_OBJC_MSGSEND = YES;
				GCC_C_LANGUAGE_STANDARD = gnu99;
				GCC_DYNAMIC_NO_PIC = NO;
				GCC_NO_COMMON_BLOCKS = YES;
				GCC_OPTIMIZATION_LEVEL = 0;
				GCC_PREPROCESSOR_DEFINITIONS = (
					"DEBUG=1",
					"$(inherited)",
				);
				GCC_SYMBOLS_PRIVATE_EXTERN = NO;
				GCC_WARN_64_TO_32_BIT_CONVERSION = YES;
				GCC_WARN_ABOUT_RETURN_TYPE = YES_ERROR;
				GCC_WARN_UNDECLARED_SELECTOR = YES;
				GCC_WARN_UNINITIALIZED_AUTOS = YES_AGGRESSIVE;
				GCC_WARN_UNUSED_FUNCTION = YES;
				GCC_WARN_UNUSED_VARIABLE = YES;
				IPHONEOS_DEPLOYMENT_TARGET = 8.3;
				MTL_ENABLE_DEBUG_INFO = YES;
				ONLY_ACTIVE_ARCH = YES;
				SDKROOT = iphoneos;
				SWIFT_OPTIMIZATION_LEVEL = "-Onone";
				TARGETED_DEVICE_FAMILY = "1,2";
			};
			name = Debug;
		};
		FDCD982F1B0A8C65005D50C9 /* Release */ = {
			isa = XCBuildConfiguration;
			buildSettings = {
				ALWAYS_SEARCH_USER_PATHS = NO;
				CLANG_CXX_LANGUAGE_STANDARD = "gnu++0x";
				CLANG_CXX_LIBRARY = "libc++";
				CLANG_ENABLE_MODULES = YES;
				CLANG_ENABLE_OBJC_ARC = YES;
				CLANG_WARN_BOOL_CONVERSION = YES;
				CLANG_WARN_CONSTANT_CONVERSION = YES;
				CLANG_WARN_DIRECT_OBJC_ISA_USAGE = YES_ERROR;
				CLANG_WARN_EMPTY_BODY = YES;
				CLANG_WARN_ENUM_CONVERSION = YES;
				CLANG_WARN_INT_CONVERSION = YES;
				CLANG_WARN_OBJC_ROOT_CLASS = YES_ERROR;
				CLANG_WARN_UNREACHABLE_CODE = YES;
				CLANG_WARN__DUPLICATE_METHOD_MATCH = YES;
				"CODE_SIGN_IDENTITY[sdk=iphoneos*]" = "iPhone Developer";
				COPY_PHASE_STRIP = NO;
				DEBUG_INFORMATION_FORMAT = "dwarf-with-dsym";
				ENABLE_NS_ASSERTIONS = NO;
				ENABLE_STRICT_OBJC_MSGSEND = YES;
				GCC_C_LANGUAGE_STANDARD = gnu99;
				GCC_NO_COMMON_BLOCKS = YES;
				GCC_WARN_64_TO_32_BIT_CONVERSION = YES;
				GCC_WARN_ABOUT_RETURN_TYPE = YES_ERROR;
				GCC_WARN_UNDECLARED_SELECTOR = YES;
				GCC_WARN_UNINITIALIZED_AUTOS = YES_AGGRESSIVE;
				GCC_WARN_UNUSED_FUNCTION = YES;
				GCC_WARN_UNUSED_VARIABLE = YES;
				IPHONEOS_DEPLOYMENT_TARGET = 8.3;
				MTL_ENABLE_DEBUG_INFO = NO;
				SDKROOT = iphoneos;
				TARGETED_DEVICE_FAMILY = "1,2";
				VALIDATE_PRODUCT = YES;
			};
			name = Release;
		};
		FDCD98311B0A8C65005D50C9 /* Debug */ = {
			isa = XCBuildConfiguration;
			buildSettings = {
				ASSETCATALOG_COMPILER_APPICON_NAME = AppIcon;
				INFOPLIST_FILE = USteste/Info.plist;
				LD_RUNPATH_SEARCH_PATHS = "$(inherited) @executable_path/Frameworks";
				PRODUCT_NAME = "$(TARGET_NAME)";
			};
			name = Debug;
		};
		FDCD98321B0A8C65005D50C9 /* Release */ = {
			isa = XCBuildConfiguration;
			buildSettings = {
				ASSETCATALOG_COMPILER_APPICON_NAME = AppIcon;
				INFOPLIST_FILE = USteste/Info.plist;
				LD_RUNPATH_SEARCH_PATHS = "$(inherited) @executable_path/Frameworks";
				PRODUCT_NAME = "$(TARGET_NAME)";
			};
			name = Release;
		};
		FDCD98341B0A8C65005D50C9 /* Debug */ = {
			isa = XCBuildConfiguration;
			buildSettings = {
				BUNDLE_LOADER = "$(TEST_HOST)";
				FRAMEWORK_SEARCH_PATHS = (
					"$(SDKROOT)/Developer/Library/Frameworks",
					"$(inherited)",
				);
				GCC_PREPROCESSOR_DEFINITIONS = (
					"DEBUG=1",
					"$(inherited)",
				);
				INFOPLIST_FILE = UStesteTests/Info.plist;
				LD_RUNPATH_SEARCH_PATHS = "$(inherited) @executable_path/Frameworks @loader_path/Frameworks";
				PRODUCT_NAME = "$(TARGET_NAME)";
				TEST_HOST = "$(BUILT_PRODUCTS_DIR)/USteste.app/USteste";
			};
			name = Debug;
		};
		FDCD98351B0A8C65005D50C9 /* Release */ = {
			isa = XCBuildConfiguration;
			buildSettings = {
				BUNDLE_LOADER = "$(TEST_HOST)";
				FRAMEWORK_SEARCH_PATHS = (
					"$(SDKROOT)/Developer/Library/Frameworks",
					"$(inherited)",
				);
				INFOPLIST_FILE = UStesteTests/Info.plist;
				LD_RUNPATH_SEARCH_PATHS = "$(inherited) @executable_path/Frameworks @loader_path/Frameworks";
				PRODUCT_NAME = "$(TARGET_NAME)";
				TEST_HOST = "$(BUILT_PRODUCTS_DIR)/USteste.app/USteste";
			};
			name = Release;
		};
/* End XCBuildConfiguration section */

/* Begin XCConfigurationList section */
		FDCD980C1B0A8C65005D50C9 /* Build configuration list for PBXProject "USteste" */ = {
			isa = XCConfigurationList;
			buildConfigurations = (
				FDCD982E1B0A8C65005D50C9 /* Debug */,
				FDCD982F1B0A8C65005D50C9 /* Release */,
			);
			defaultConfigurationIsVisible = 0;
			defaultConfigurationName = Release;
		};
		FDCD98301B0A8C65005D50C9 /* Build configuration list for PBXNativeTarget "USteste" */ = {
			isa = XCConfigurationList;
			buildConfigurations = (
				FDCD98311B0A8C65005D50C9 /* Debug */,
				FDCD98321B0A8C65005D50C9 /* Release */,
			);
			defaultConfigurationIsVisible = 0;
			defaultConfigurationName = Release;
		};
		FDCD98331B0A8C65005D50C9 /* Build configuration list for PBXNativeTarget "UStesteTests" */ = {
			isa = XCConfigurationList;
			buildConfigurations = (
				FDCD98341B0A8C65005D50C9 /* Debug */,
				FDCD98351B0A8C65005D50C9 /* Release */,
			);
			defaultConfigurationIsVisible = 0;
			defaultConfigurationName = Release;
		};
/* End XCConfigurationList section */
	};
	rootObject = FDCD98091B0A8C65005D50C9 /* Project object */;
}
